{
  "originHash" : "61cc5d9942fe50ab3415ee37f02cf869f30b6a38731734467313ced76f21a30a",
  "pins" : [
    {
      "identity" : "networker",
      "kind" : "remoteSourceControl",
      "location" : "https://github.com/scott56gps/Networker",
      "state" : {
        "branch" : "json-request",
        "revision" : "d31bd3fbf143baa156d7b63e0790257ed924f5d2"
      }
    }
  ],
  "version" : 3
}
